{
  "lockfileVersion": 1,
  "workspaces": {
    "": {
      "name": "leaf",
      "dependencies": {
        "fbx-parser": "^2.1.3",
        "gl-matrix": "^3.4.3",
        "uuid": "^11.1.0",
        "vitest": "^3.0.5",
        "wgpu-matrix": "^3.3.0",
      },
      "devDependencies": {
        "@rollup/plugin-commonjs": "^28.0.9",
        "@rollup/plugin-node-resolve": "^16.0.3",
        "@rollup/plugin-terser": "^0.4.4",
        "@rollup/plugin-typescript": "^12.3.0",
        "@types/node": "^22.13.2",
        "@types/uuid": "^10.0.0",
        "@webgpu/types": "^0.1.52",
        "dts-bundle-generator": "^9.5.1",
        "oxlint": "^1.24.0",
        "prettier": "^3.5.1",
        "rollup": "^4.52.5",
        "rollup-plugin-typescript3": "^3.0.5",
        "typescript": "^5.7.3",
        "vite": "^7.1.12",
        "vite-raw-plugin": "^1.0.2",
      },
    },
  },
  "packages": {
    "@esbuild/aix-ppc64": ["@esbuild/aix-ppc64@0.25.12", "", { "os": "aix", "cpu": "ppc64" }, "sha512-Hhmwd6CInZ3dwpuGTF8fJG6yoWmsToE+vYgD4nytZVxcu1ulHpUQRAB1UJ8+N1Am3Mz4+xOByoQoSZf4D+CpkA=="],

    "@esbuild/android-arm": ["@esbuild/android-arm@0.25.12", "", { "os": "android", "cpu": "arm" }, "sha512-VJ+sKvNA/GE7Ccacc9Cha7bpS8nyzVv0jdVgwNDaR4gDMC/2TTRc33Ip8qrNYUcpkOHUT5OZ0bUcNNVZQ9RLlg=="],

    "@esbuild/android-arm64": ["@esbuild/android-arm64@0.25.12", "", { "os": "android", "cpu": "arm64" }, "sha512-6AAmLG7zwD1Z159jCKPvAxZd4y/VTO0VkprYy+3N2FtJ8+BQWFXU+OxARIwA46c5tdD9SsKGZ/1ocqBS/gAKHg=="],

    "@esbuild/android-x64": ["@esbuild/android-x64@0.25.12", "", { "os": "android", "cpu": "x64" }, "sha512-5jbb+2hhDHx5phYR2By8GTWEzn6I9UqR11Kwf22iKbNpYrsmRB18aX/9ivc5cabcUiAT/wM+YIZ6SG9QO6a8kg=="],

    "@esbuild/darwin-arm64": ["@esbuild/darwin-arm64@0.25.12", "", { "os": "darwin", "cpu": "arm64" }, "sha512-N3zl+lxHCifgIlcMUP5016ESkeQjLj/959RxxNYIthIg+CQHInujFuXeWbWMgnTo4cp5XVHqFPmpyu9J65C1Yg=="],

    "@esbuild/darwin-x64": ["@esbuild/darwin-x64@0.25.12", "", { "os": "darwin", "cpu": "x64" }, "sha512-HQ9ka4Kx21qHXwtlTUVbKJOAnmG1ipXhdWTmNXiPzPfWKpXqASVcWdnf2bnL73wgjNrFXAa3yYvBSd9pzfEIpA=="],

    "@esbuild/freebsd-arm64": ["@esbuild/freebsd-arm64@0.25.12", "", { "os": "freebsd", "cpu": "arm64" }, "sha512-gA0Bx759+7Jve03K1S0vkOu5Lg/85dou3EseOGUes8flVOGxbhDDh/iZaoek11Y8mtyKPGF3vP8XhnkDEAmzeg=="],

    "@esbuild/freebsd-x64": ["@esbuild/freebsd-x64@0.25.12", "", { "os": "freebsd", "cpu": "x64" }, "sha512-TGbO26Yw2xsHzxtbVFGEXBFH0FRAP7gtcPE7P5yP7wGy7cXK2oO7RyOhL5NLiqTlBh47XhmIUXuGciXEqYFfBQ=="],

    "@esbuild/linux-arm": ["@esbuild/linux-arm@0.25.12", "", { "os": "linux", "cpu": "arm" }, "sha512-lPDGyC1JPDou8kGcywY0YILzWlhhnRjdof3UlcoqYmS9El818LLfJJc3PXXgZHrHCAKs/Z2SeZtDJr5MrkxtOw=="],

    "@esbuild/linux-arm64": ["@esbuild/linux-arm64@0.25.12", "", { "os": "linux", "cpu": "arm64" }, "sha512-8bwX7a8FghIgrupcxb4aUmYDLp8pX06rGh5HqDT7bB+8Rdells6mHvrFHHW2JAOPZUbnjUpKTLg6ECyzvas2AQ=="],

    "@esbuild/linux-ia32": ["@esbuild/linux-ia32@0.25.12", "", { "os": "linux", "cpu": "ia32" }, "sha512-0y9KrdVnbMM2/vG8KfU0byhUN+EFCny9+8g202gYqSSVMonbsCfLjUO+rCci7pM0WBEtz+oK/PIwHkzxkyharA=="],

    "@esbuild/linux-loong64": ["@esbuild/linux-loong64@0.25.12", "", { "os": "linux", "cpu": "none" }, "sha512-h///Lr5a9rib/v1GGqXVGzjL4TMvVTv+s1DPoxQdz7l/AYv6LDSxdIwzxkrPW438oUXiDtwM10o9PmwS/6Z0Ng=="],

    "@esbuild/linux-mips64el": ["@esbuild/linux-mips64el@0.25.12", "", { "os": "linux", "cpu": "none" }, "sha512-iyRrM1Pzy9GFMDLsXn1iHUm18nhKnNMWscjmp4+hpafcZjrr2WbT//d20xaGljXDBYHqRcl8HnxbX6uaA/eGVw=="],

    "@esbuild/linux-ppc64": ["@esbuild/linux-ppc64@0.25.12", "", { "os": "linux", "cpu": "ppc64" }, "sha512-9meM/lRXxMi5PSUqEXRCtVjEZBGwB7P/D4yT8UG/mwIdze2aV4Vo6U5gD3+RsoHXKkHCfSxZKzmDssVlRj1QQA=="],

    "@esbuild/linux-riscv64": ["@esbuild/linux-riscv64@0.25.12", "", { "os": "linux", "cpu": "none" }, "sha512-Zr7KR4hgKUpWAwb1f3o5ygT04MzqVrGEGXGLnj15YQDJErYu/BGg+wmFlIDOdJp0PmB0lLvxFIOXZgFRrdjR0w=="],

    "@esbuild/linux-s390x": ["@esbuild/linux-s390x@0.25.12", "", { "os": "linux", "cpu": "s390x" }, "sha512-MsKncOcgTNvdtiISc/jZs/Zf8d0cl/t3gYWX8J9ubBnVOwlk65UIEEvgBORTiljloIWnBzLs4qhzPkJcitIzIg=="],

    "@esbuild/linux-x64": ["@esbuild/linux-x64@0.25.12", "", { "os": "linux", "cpu": "x64" }, "sha512-uqZMTLr/zR/ed4jIGnwSLkaHmPjOjJvnm6TVVitAa08SLS9Z0VM8wIRx7gWbJB5/J54YuIMInDquWyYvQLZkgw=="],

    "@esbuild/netbsd-arm64": ["@esbuild/netbsd-arm64@0.25.12", "", { "os": "none", "cpu": "arm64" }, "sha512-xXwcTq4GhRM7J9A8Gv5boanHhRa/Q9KLVmcyXHCTaM4wKfIpWkdXiMog/KsnxzJ0A1+nD+zoecuzqPmCRyBGjg=="],

    "@esbuild/netbsd-x64": ["@esbuild/netbsd-x64@0.25.12", "", { "os": "none", "cpu": "x64" }, "sha512-Ld5pTlzPy3YwGec4OuHh1aCVCRvOXdH8DgRjfDy/oumVovmuSzWfnSJg+VtakB9Cm0gxNO9BzWkj6mtO1FMXkQ=="],

    "@esbuild/openbsd-arm64": ["@esbuild/openbsd-arm64@0.25.12", "", { "os": "openbsd", "cpu": "arm64" }, "sha512-fF96T6KsBo/pkQI950FARU9apGNTSlZGsv1jZBAlcLL1MLjLNIWPBkj5NlSz8aAzYKg+eNqknrUJ24QBybeR5A=="],

    "@esbuild/openbsd-x64": ["@esbuild/openbsd-x64@0.25.12", "", { "os": "openbsd", "cpu": "x64" }, "sha512-MZyXUkZHjQxUvzK7rN8DJ3SRmrVrke8ZyRusHlP+kuwqTcfWLyqMOE3sScPPyeIXN/mDJIfGXvcMqCgYKekoQw=="],

    "@esbuild/openharmony-arm64": ["@esbuild/openharmony-arm64@0.25.12", "", { "os": "none", "cpu": "arm64" }, "sha512-rm0YWsqUSRrjncSXGA7Zv78Nbnw4XL6/dzr20cyrQf7ZmRcsovpcRBdhD43Nuk3y7XIoW2OxMVvwuRvk9XdASg=="],

    "@esbuild/sunos-x64": ["@esbuild/sunos-x64@0.25.12", "", { "os": "sunos", "cpu": "x64" }, "sha512-3wGSCDyuTHQUzt0nV7bocDy72r2lI33QL3gkDNGkod22EsYl04sMf0qLb8luNKTOmgF/eDEDP5BFNwoBKH441w=="],

    "@esbuild/win32-arm64": ["@esbuild/win32-arm64@0.25.12", "", { "os": "win32", "cpu": "arm64" }, "sha512-rMmLrur64A7+DKlnSuwqUdRKyd3UE7oPJZmnljqEptesKM8wx9J8gx5u0+9Pq0fQQW8vqeKebwNXdfOyP+8Bsg=="],

    "@esbuild/win32-ia32": ["@esbuild/win32-ia32@0.25.12", "", { "os": "win32", "cpu": "ia32" }, "sha512-HkqnmmBoCbCwxUKKNPBixiWDGCpQGVsrQfJoVGYLPT41XWF8lHuE5N6WhVia2n4o5QK5M4tYr21827fNhi4byQ=="],

    "@esbuild/win32-x64": ["@esbuild/win32-x64@0.25.12", "", { "os": "win32", "cpu": "x64" }, "sha512-alJC0uCZpTFrSL0CCDjcgleBXPnCrEAhTBILpeAp7M/OFgoqtAetfBzX0xM00MUsVVPpVjlPuMbREqnZCXaTnA=="],

    "@isaacs/cliui": ["@isaacs/cliui@https://registry.npmjs.org/@isaacs/cliui/-/cliui-8.0.2.tgz", { "dependencies": { "string-width": "^5.1.2", "string-width-cjs": "npm:string-width@^4.2.0", "strip-ansi": "^7.0.1", "strip-ansi-cjs": "npm:strip-ansi@^6.0.1", "wrap-ansi": "^8.1.0", "wrap-ansi-cjs": "npm:wrap-ansi@^7.0.0" } }],

    "@jridgewell/gen-mapping": ["@jridgewell/gen-mapping@https://registry.npmjs.org/@jridgewell/gen-mapping/-/gen-mapping-0.3.13.tgz", { "dependencies": { "@jridgewell/sourcemap-codec": "^1.5.0", "@jridgewell/trace-mapping": "^0.3.24" } }],

    "@jridgewell/resolve-uri": ["@jridgewell/resolve-uri@https://registry.npmjs.org/@jridgewell/resolve-uri/-/resolve-uri-3.1.2.tgz", {}],

    "@jridgewell/source-map": ["@jridgewell/source-map@https://registry.npmjs.org/@jridgewell/source-map/-/source-map-0.3.11.tgz", { "dependencies": { "@jridgewell/gen-mapping": "^0.3.5", "@jridgewell/trace-mapping": "^0.3.25" } }],

    "@jridgewell/sourcemap-codec": ["@jridgewell/sourcemap-codec@https://registry.npmjs.org/@jridgewell/sourcemap-codec/-/sourcemap-codec-1.5.0.tgz", {}],

    "@jridgewell/trace-mapping": ["@jridgewell/trace-mapping@https://registry.npmjs.org/@jridgewell/trace-mapping/-/trace-mapping-0.3.31.tgz", { "dependencies": { "@jridgewell/resolve-uri": "^3.1.0", "@jridgewell/sourcemap-codec": "^1.4.14" } }],

    "@oxlint/win32-x64": ["@oxlint/win32-x64@https://registry.npmjs.org/@oxlint/win32-x64/-/win32-x64-1.24.0.tgz", {}],

    "@picode/binary-reader": ["@picode/binary-reader@https://registry.npmjs.org/@picode/binary-reader/-/binary-reader-0.0.4.tgz", {}],

    "@pkgjs/parseargs": ["@pkgjs/parseargs@https://registry.npmjs.org/@pkgjs/parseargs/-/parseargs-0.11.0.tgz", {}],

    "@rollup/plugin-commonjs": ["@rollup/plugin-commonjs@https://registry.npmjs.org/@rollup/plugin-commonjs/-/plugin-commonjs-28.0.9.tgz", { "dependencies": { "@rollup/pluginutils": "^5.0.1", "commondir": "^1.0.1", "estree-walker": "^2.0.2", "fdir": "^6.2.0", "is-reference": "1.2.1", "magic-string": "^0.30.3", "picomatch": "^4.0.2" } }],

    "@rollup/plugin-node-resolve": ["@rollup/plugin-node-resolve@https://registry.npmjs.org/@rollup/plugin-node-resolve/-/plugin-node-resolve-16.0.3.tgz", { "dependencies": { "@rollup/pluginutils": "^5.0.1", "@types/resolve": "1.20.2", "deepmerge": "^4.2.2", "is-module": "^1.0.0", "resolve": "^1.22.1" } }],

    "@rollup/plugin-terser": ["@rollup/plugin-terser@https://registry.npmjs.org/@rollup/plugin-terser/-/plugin-terser-0.4.4.tgz", { "dependencies": { "serialize-javascript": "^6.0.1", "smob": "^1.0.0", "terser": "^5.17.4" } }],

    "@rollup/plugin-typescript": ["@rollup/plugin-typescript@https://registry.npmjs.org/@rollup/plugin-typescript/-/plugin-typescript-12.3.0.tgz", { "dependencies": { "@rollup/pluginutils": "^5.1.0", "resolve": "^1.22.1" } }],

    "@rollup/pluginutils": ["@rollup/pluginutils@https://registry.npmjs.org/@rollup/pluginutils/-/pluginutils-5.1.4.tgz", { "dependencies": { "@types/estree": "^1.0.0", "estree-walker": "^2.0.2", "picomatch": "^4.0.2" } }],

    "@rollup/rollup-android-arm-eabi": ["@rollup/rollup-android-arm-eabi@4.52.5", "", { "os": "android", "cpu": "arm" }, "sha512-8c1vW4ocv3UOMp9K+gToY5zL2XiiVw3k7f1ksf4yO1FlDFQ1C2u72iACFnSOceJFsWskc2WZNqeRhFRPzv+wtQ=="],

    "@rollup/rollup-android-arm64": ["@rollup/rollup-android-arm64@4.52.5", "", { "os": "android", "cpu": "arm64" }, "sha512-mQGfsIEFcu21mvqkEKKu2dYmtuSZOBMmAl5CFlPGLY94Vlcm+zWApK7F/eocsNzp8tKmbeBP8yXyAbx0XHsFNA=="],

    "@rollup/rollup-darwin-arm64": ["@rollup/rollup-darwin-arm64@4.52.5", "", { "os": "darwin", "cpu": "arm64" }, "sha512-takF3CR71mCAGA+v794QUZ0b6ZSrgJkArC+gUiG6LB6TQty9T0Mqh3m2ImRBOxS2IeYBo4lKWIieSvnEk2OQWA=="],

    "@rollup/rollup-darwin-x64": ["@rollup/rollup-darwin-x64@4.52.5", "", { "os": "darwin", "cpu": "x64" }, "sha512-W901Pla8Ya95WpxDn//VF9K9u2JbocwV/v75TE0YIHNTbhqUTv9w4VuQ9MaWlNOkkEfFwkdNhXgcLqPSmHy0fA=="],

    "@rollup/rollup-freebsd-arm64": ["@rollup/rollup-freebsd-arm64@4.52.5", "", { "os": "freebsd", "cpu": "arm64" }, "sha512-QofO7i7JycsYOWxe0GFqhLmF6l1TqBswJMvICnRUjqCx8b47MTo46W8AoeQwiokAx3zVryVnxtBMcGcnX12LvA=="],

    "@rollup/rollup-freebsd-x64": ["@rollup/rollup-freebsd-x64@4.52.5", "", { "os": "freebsd", "cpu": "x64" }, "sha512-jr21b/99ew8ujZubPo9skbrItHEIE50WdV86cdSoRkKtmWa+DDr6fu2c/xyRT0F/WazZpam6kk7IHBerSL7LDQ=="],

    "@rollup/rollup-linux-arm-gnueabihf": ["@rollup/rollup-linux-arm-gnueabihf@4.52.5", "", { "os": "linux", "cpu": "arm" }, "sha512-PsNAbcyv9CcecAUagQefwX8fQn9LQ4nZkpDboBOttmyffnInRy8R8dSg6hxxl2Re5QhHBf6FYIDhIj5v982ATQ=="],

    "@rollup/rollup-linux-arm-musleabihf": ["@rollup/rollup-linux-arm-musleabihf@4.52.5", "", { "os": "linux", "cpu": "arm" }, "sha512-Fw4tysRutyQc/wwkmcyoqFtJhh0u31K+Q6jYjeicsGJJ7bbEq8LwPWV/w0cnzOqR2m694/Af6hpFayLJZkG2VQ=="],

    "@rollup/rollup-linux-arm64-gnu": ["@rollup/rollup-linux-arm64-gnu@4.52.5", "", { "os": "linux", "cpu": "arm64" }, "sha512-a+3wVnAYdQClOTlyapKmyI6BLPAFYs0JM8HRpgYZQO02rMR09ZcV9LbQB+NL6sljzG38869YqThrRnfPMCDtZg=="],

    "@rollup/rollup-linux-arm64-musl": ["@rollup/rollup-linux-arm64-musl@4.52.5", "", { "os": "linux", "cpu": "arm64" }, "sha512-AvttBOMwO9Pcuuf7m9PkC1PUIKsfaAJ4AYhy944qeTJgQOqJYJ9oVl2nYgY7Rk0mkbsuOpCAYSs6wLYB2Xiw0Q=="],

    "@rollup/rollup-linux-loong64-gnu": ["@rollup/rollup-linux-loong64-gnu@4.52.5", "", { "os": "linux", "cpu": "none" }, "sha512-DkDk8pmXQV2wVrF6oq5tONK6UHLz/XcEVow4JTTerdeV1uqPeHxwcg7aFsfnSm9L+OO8WJsWotKM2JJPMWrQtA=="],

    "@rollup/rollup-linux-ppc64-gnu": ["@rollup/rollup-linux-ppc64-gnu@4.52.5", "", { "os": "linux", "cpu": "ppc64" }, "sha512-W/b9ZN/U9+hPQVvlGwjzi+Wy4xdoH2I8EjaCkMvzpI7wJUs8sWJ03Rq96jRnHkSrcHTpQe8h5Tg3ZzUPGauvAw=="],

    "@rollup/rollup-linux-riscv64-gnu": ["@rollup/rollup-linux-riscv64-gnu@4.52.5", "", { "os": "linux", "cpu": "none" }, "sha512-sjQLr9BW7R/ZiXnQiWPkErNfLMkkWIoCz7YMn27HldKsADEKa5WYdobaa1hmN6slu9oWQbB6/jFpJ+P2IkVrmw=="],

    "@rollup/rollup-linux-riscv64-musl": ["@rollup/rollup-linux-riscv64-musl@4.52.5", "", { "os": "linux", "cpu": "none" }, "sha512-hq3jU/kGyjXWTvAh2awn8oHroCbrPm8JqM7RUpKjalIRWWXE01CQOf/tUNWNHjmbMHg/hmNCwc/Pz3k1T/j/Lg=="],

    "@rollup/rollup-linux-s390x-gnu": ["@rollup/rollup-linux-s390x-gnu@4.52.5", "", { "os": "linux", "cpu": "s390x" }, "sha512-gn8kHOrku8D4NGHMK1Y7NA7INQTRdVOntt1OCYypZPRt6skGbddska44K8iocdpxHTMMNui5oH4elPH4QOLrFQ=="],

    "@rollup/rollup-linux-x64-gnu": ["@rollup/rollup-linux-x64-gnu@4.52.5", "", { "os": "linux", "cpu": "x64" }, "sha512-hXGLYpdhiNElzN770+H2nlx+jRog8TyynpTVzdlc6bndktjKWyZyiCsuDAlpd+j+W+WNqfcyAWz9HxxIGfZm1Q=="],

    "@rollup/rollup-linux-x64-musl": ["@rollup/rollup-linux-x64-musl@4.52.5", "", { "os": "linux", "cpu": "x64" }, "sha512-arCGIcuNKjBoKAXD+y7XomR9gY6Mw7HnFBv5Rw7wQRvwYLR7gBAgV7Mb2QTyjXfTveBNFAtPt46/36vV9STLNg=="],

    "@rollup/rollup-openharmony-arm64": ["@rollup/rollup-openharmony-arm64@4.52.5", "", { "os": "none", "cpu": "arm64" }, "sha512-QoFqB6+/9Rly/RiPjaomPLmR/13cgkIGfA40LHly9zcH1S0bN2HVFYk3a1eAyHQyjs3ZJYlXvIGtcCs5tko9Cw=="],

    "@rollup/rollup-win32-arm64-msvc": ["@rollup/rollup-win32-arm64-msvc@4.52.5", "", { "os": "win32", "cpu": "arm64" }, "sha512-w0cDWVR6MlTstla1cIfOGyl8+qb93FlAVutcor14Gf5Md5ap5ySfQ7R9S/NjNaMLSFdUnKGEasmVnu3lCMqB7w=="],

    "@rollup/rollup-win32-ia32-msvc": ["@rollup/rollup-win32-ia32-msvc@4.52.5", "", { "os": "win32", "cpu": "ia32" }, "sha512-Aufdpzp7DpOTULJCuvzqcItSGDH73pF3ko/f+ckJhxQyHtp67rHw3HMNxoIdDMUITJESNE6a8uh4Lo4SLouOUg=="],

    "@rollup/rollup-win32-x64-gnu": ["@rollup/rollup-win32-x64-gnu@4.52.5", "", { "os": "win32", "cpu": "x64" }, "sha512-UGBUGPFp1vkj6p8wCRraqNhqwX/4kNQPS57BCFc8wYh0g94iVIW33wJtQAx3G7vrjjNtRaxiMUylM0ktp/TRSQ=="],

    "@rollup/rollup-win32-x64-msvc": ["@rollup/rollup-win32-x64-msvc@4.52.5", "", { "os": "win32", "cpu": "x64" }, "sha512-TAcgQh2sSkykPRWLrdyy2AiceMckNf5loITqXxFI5VuQjS5tSuw3WlwdN8qv8vzjLAUTvYaH/mVjSFpbkFbpTg=="],

    "@types/estree": ["@types/estree@1.0.8", "", {}, "sha512-dWHzHa2WqEXI/O1E9OjrocMTKJl2mSrEolh1Iomrv6U+JuNwaHXsXx9bLu5gG7BUWFIN0skIQJQ/L1rIex4X6w=="],

    "@types/node": ["@types/node@https://registry.npmjs.org/@types/node/-/node-22.13.4.tgz", { "dependencies": { "undici-types": "~6.20.0" } }],

    "@types/resolve": ["@types/resolve@https://registry.npmjs.org/@types/resolve/-/resolve-1.20.2.tgz", {}],

    "@types/uuid": ["@types/uuid@https://registry.npmjs.org/@types/uuid/-/uuid-10.0.0.tgz", {}],

    "@vitest/expect": ["@vitest/expect@https://registry.npmjs.org/@vitest/expect/-/expect-3.0.6.tgz", { "dependencies": { "@vitest/spy": "3.0.6", "@vitest/utils": "3.0.6", "chai": "^5.2.0", "tinyrainbow": "^2.0.0" } }],

    "@vitest/mocker": ["@vitest/mocker@https://registry.npmjs.org/@vitest/mocker/-/mocker-3.0.6.tgz", { "dependencies": { "@vitest/spy": "3.0.6", "estree-walker": "^3.0.3", "magic-string": "^0.30.17" } }],

    "@vitest/pretty-format": ["@vitest/pretty-format@https://registry.npmjs.org/@vitest/pretty-format/-/pretty-format-3.0.6.tgz", { "dependencies": { "tinyrainbow": "^2.0.0" } }],

    "@vitest/runner": ["@vitest/runner@https://registry.npmjs.org/@vitest/runner/-/runner-3.0.6.tgz", { "dependencies": { "@vitest/utils": "3.0.6", "pathe": "^2.0.3" } }],

    "@vitest/snapshot": ["@vitest/snapshot@https://registry.npmjs.org/@vitest/snapshot/-/snapshot-3.0.6.tgz", { "dependencies": { "@vitest/pretty-format": "3.0.6", "magic-string": "^0.30.17", "pathe": "^2.0.3" } }],

    "@vitest/spy": ["@vitest/spy@https://registry.npmjs.org/@vitest/spy/-/spy-3.0.6.tgz", { "dependencies": { "tinyspy": "^3.0.2" } }],

    "@vitest/utils": ["@vitest/utils@https://registry.npmjs.org/@vitest/utils/-/utils-3.0.6.tgz", { "dependencies": { "@vitest/pretty-format": "3.0.6", "loupe": "^3.1.3", "tinyrainbow": "^2.0.0" } }],

    "@webgpu/types": ["@webgpu/types@https://registry.npmjs.org/@webgpu/types/-/types-0.1.54.tgz", {}],

    "acorn": ["acorn@https://registry.npmjs.org/acorn/-/acorn-8.15.0.tgz", {}],

    "ansi-regex": ["ansi-regex@https://registry.npmjs.org/ansi-regex/-/ansi-regex-5.0.1.tgz", {}],

    "ansi-styles": ["ansi-styles@https://registry.npmjs.org/ansi-styles/-/ansi-styles-4.3.0.tgz", { "dependencies": { "color-convert": "^2.0.1" } }],

    "assertion-error": ["assertion-error@https://registry.npmjs.org/assertion-error/-/assertion-error-2.0.1.tgz", {}],

    "balanced-match": ["balanced-match@https://registry.npmjs.org/balanced-match/-/balanced-match-1.0.2.tgz", {}],

    "brace-expansion": ["brace-expansion@https://registry.npmjs.org/brace-expansion/-/brace-expansion-2.0.1.tgz", { "dependencies": { "balanced-match": "^1.0.0" } }],

    "buffer-from": ["buffer-from@https://registry.npmjs.org/buffer-from/-/buffer-from-1.1.2.tgz", {}],

    "cac": ["cac@https://registry.npmjs.org/cac/-/cac-6.7.14.tgz", {}],

    "chai": ["chai@https://registry.npmjs.org/chai/-/chai-5.2.0.tgz", { "dependencies": { "assertion-error": "^2.0.1", "check-error": "^2.1.1", "deep-eql": "^5.0.1", "loupe": "^3.1.0", "pathval": "^2.0.0" } }],

    "check-error": ["check-error@https://registry.npmjs.org/check-error/-/check-error-2.1.1.tgz", {}],

    "cliui": ["cliui@https://registry.npmjs.org/cliui/-/cliui-8.0.1.tgz", { "dependencies": { "string-width": "^4.2.0", "strip-ansi": "^6.0.1", "wrap-ansi": "^7.0.0" } }],

    "color-convert": ["color-convert@https://registry.npmjs.org/color-convert/-/color-convert-2.0.1.tgz", { "dependencies": { "color-name": "~1.1.4" } }],

    "color-name": ["color-name@https://registry.npmjs.org/color-name/-/color-name-1.1.4.tgz", {}],

    "commander": ["commander@https://registry.npmjs.org/commander/-/commander-2.20.3.tgz", {}],

    "commondir": ["commondir@https://registry.npmjs.org/commondir/-/commondir-1.0.1.tgz", {}],

    "cross-spawn": ["cross-spawn@https://registry.npmjs.org/cross-spawn/-/cross-spawn-7.0.6.tgz", { "dependencies": { "path-key": "^3.1.0", "shebang-command": "^2.0.0", "which": "^2.0.1" } }],

    "debug": ["debug@https://registry.npmjs.org/debug/-/debug-4.4.0.tgz", { "dependencies": { "ms": "^2.1.3" } }],

    "deep-eql": ["deep-eql@https://registry.npmjs.org/deep-eql/-/deep-eql-5.0.2.tgz", {}],

    "deepmerge": ["deepmerge@https://registry.npmjs.org/deepmerge/-/deepmerge-4.3.1.tgz", {}],

    "dts-bundle-generator": ["dts-bundle-generator@https://registry.npmjs.org/dts-bundle-generator/-/dts-bundle-generator-9.5.1.tgz", { "dependencies": { "typescript": ">=5.0.2", "yargs": "^17.6.0" } }],

    "eastasianwidth": ["eastasianwidth@https://registry.npmjs.org/eastasianwidth/-/eastasianwidth-0.2.0.tgz", {}],

    "emoji-regex": ["emoji-regex@https://registry.npmjs.org/emoji-regex/-/emoji-regex-8.0.0.tgz", {}],

    "es-module-lexer": ["es-module-lexer@https://registry.npmjs.org/es-module-lexer/-/es-module-lexer-1.6.0.tgz", {}],

    "esbuild": ["esbuild@0.25.12", "", { "optionalDependencies": { "@esbuild/aix-ppc64": "0.25.12", "@esbuild/android-arm": "0.25.12", "@esbuild/android-arm64": "0.25.12", "@esbuild/android-x64": "0.25.12", "@esbuild/darwin-arm64": "0.25.12", "@esbuild/darwin-x64": "0.25.12", "@esbuild/freebsd-arm64": "0.25.12", "@esbuild/freebsd-x64": "0.25.12", "@esbuild/linux-arm": "0.25.12", "@esbuild/linux-arm64": "0.25.12", "@esbuild/linux-ia32": "0.25.12", "@esbuild/linux-loong64": "0.25.12", "@esbuild/linux-mips64el": "0.25.12", "@esbuild/linux-ppc64": "0.25.12", "@esbuild/linux-riscv64": "0.25.12", "@esbuild/linux-s390x": "0.25.12", "@esbuild/linux-x64": "0.25.12", "@esbuild/netbsd-arm64": "0.25.12", "@esbuild/netbsd-x64": "0.25.12", "@esbuild/openbsd-arm64": "0.25.12", "@esbuild/openbsd-x64": "0.25.12", "@esbuild/openharmony-arm64": "0.25.12", "@esbuild/sunos-x64": "0.25.12", "@esbuild/win32-arm64": "0.25.12", "@esbuild/win32-ia32": "0.25.12", "@esbuild/win32-x64": "0.25.12" }, "bin": { "esbuild": "bin/esbuild" } }, "sha512-bbPBYYrtZbkt6Os6FiTLCTFxvq4tt3JKall1vRwshA3fdVztsLAatFaZobhkBC8/BrPetoa0oksYoKXoG4ryJg=="],

    "escalade": ["escalade@https://registry.npmjs.org/escalade/-/escalade-3.2.0.tgz", {}],

    "estree-walker": ["estree-walker@https://registry.npmjs.org/estree-walker/-/estree-walker-2.0.2.tgz", {}],

    "expect-type": ["expect-type@https://registry.npmjs.org/expect-type/-/expect-type-1.1.0.tgz", {}],

    "fbx-parser": ["fbx-parser@https://registry.npmjs.org/fbx-parser/-/fbx-parser-2.1.3.tgz", { "dependencies": { "@picode/binary-reader": "^0.0.4", "pako": "^2.0.3" } }],

    "fdir": ["fdir@https://registry.npmjs.org/fdir/-/fdir-6.5.0.tgz", {}],

    "foreground-child": ["foreground-child@https://registry.npmjs.org/foreground-child/-/foreground-child-3.3.0.tgz", { "dependencies": { "cross-spawn": "^7.0.0", "signal-exit": "^4.0.1" } }],

    "fsevents": ["fsevents@2.3.3", "", { "os": "darwin" }, "sha512-5xoDfX+fL7faATnagmWPpbFtwh/R77WmMMqqHGS65C3vvB0YHrgF+B1YmZ3441tMj5n63k0212XNoJwzlhffQw=="],

    "function-bind": ["function-bind@https://registry.npmjs.org/function-bind/-/function-bind-1.1.2.tgz", {}],

    "get-caller-file": ["get-caller-file@https://registry.npmjs.org/get-caller-file/-/get-caller-file-2.0.5.tgz", {}],

    "gl-matrix": ["gl-matrix@https://registry.npmjs.org/gl-matrix/-/gl-matrix-3.4.3.tgz", {}],

    "glob": ["glob@https://registry.npmjs.org/glob/-/glob-10.4.5.tgz", { "dependencies": { "foreground-child": "^3.1.0", "jackspeak": "^3.1.2", "minimatch": "^9.0.4", "minipass": "^7.1.2", "package-json-from-dist": "^1.0.0", "path-scurry": "^1.11.1" } }],

    "hasown": ["hasown@https://registry.npmjs.org/hasown/-/hasown-2.0.2.tgz", { "dependencies": { "function-bind": "^1.1.2" } }],

    "is-core-module": ["is-core-module@https://registry.npmjs.org/is-core-module/-/is-core-module-2.16.1.tgz", { "dependencies": { "hasown": "^2.0.2" } }],

    "is-fullwidth-code-point": ["is-fullwidth-code-point@https://registry.npmjs.org/is-fullwidth-code-point/-/is-fullwidth-code-point-3.0.0.tgz", {}],

    "is-module": ["is-module@https://registry.npmjs.org/is-module/-/is-module-1.0.0.tgz", {}],

    "is-reference": ["is-reference@https://registry.npmjs.org/is-reference/-/is-reference-1.2.1.tgz", { "dependencies": { "@types/estree": "*" } }],

    "isexe": ["isexe@https://registry.npmjs.org/isexe/-/isexe-2.0.0.tgz", {}],

    "jackspeak": ["jackspeak@https://registry.npmjs.org/jackspeak/-/jackspeak-3.4.3.tgz", { "dependencies": { "@isaacs/cliui": "^8.0.2" }, "optionalDependencies": { "@pkgjs/parseargs": "^0.11.0" } }],

    "loupe": ["loupe@https://registry.npmjs.org/loupe/-/loupe-3.1.3.tgz", {}],

    "lru-cache": ["lru-cache@https://registry.npmjs.org/lru-cache/-/lru-cache-10.4.3.tgz", {}],

    "magic-string": ["magic-string@https://registry.npmjs.org/magic-string/-/magic-string-0.30.17.tgz", { "dependencies": { "@jridgewell/sourcemap-codec": "^1.5.0" } }],

    "minimatch": ["minimatch@https://registry.npmjs.org/minimatch/-/minimatch-9.0.5.tgz", { "dependencies": { "brace-expansion": "^2.0.1" } }],

    "minipass": ["minipass@https://registry.npmjs.org/minipass/-/minipass-7.1.2.tgz", {}],

    "ms": ["ms@https://registry.npmjs.org/ms/-/ms-2.1.3.tgz", {}],

    "nanoid": ["nanoid@3.3.11", "", { "bin": { "nanoid": "bin/nanoid.cjs" } }, "sha512-N8SpfPUnUp1bK+PMYW8qSWdl9U+wwNWI4QKxOYDy9JAro3WMX7p2OeVRF9v+347pnakNevPmiHhNmZ2HbFA76w=="],

    "oxlint": ["oxlint@https://registry.npmjs.org/oxlint/-/oxlint-1.24.0.tgz", { "optionalDependencies": { "@oxlint/darwin-arm64": "1.24.0", "@oxlint/darwin-x64": "1.24.0", "@oxlint/linux-arm64-gnu": "1.24.0", "@oxlint/linux-arm64-musl": "1.24.0", "@oxlint/linux-x64-gnu": "1.24.0", "@oxlint/linux-x64-musl": "1.24.0", "@oxlint/win32-arm64": "1.24.0", "@oxlint/win32-x64": "1.24.0" } }],

    "package-json-from-dist": ["package-json-from-dist@https://registry.npmjs.org/package-json-from-dist/-/package-json-from-dist-1.0.1.tgz", {}],

    "pako": ["pako@https://registry.npmjs.org/pako/-/pako-2.1.0.tgz", {}],

    "path-key": ["path-key@https://registry.npmjs.org/path-key/-/path-key-3.1.1.tgz", {}],

    "path-parse": ["path-parse@https://registry.npmjs.org/path-parse/-/path-parse-1.0.7.tgz", {}],

    "path-scurry": ["path-scurry@https://registry.npmjs.org/path-scurry/-/path-scurry-1.11.1.tgz", { "dependencies": { "lru-cache": "^10.2.0", "minipass": "^5.0.0 || ^6.0.2 || ^7.0.0" } }],

    "pathe": ["pathe@https://registry.npmjs.org/pathe/-/pathe-2.0.3.tgz", {}],

    "pathval": ["pathval@https://registry.npmjs.org/pathval/-/pathval-2.0.0.tgz", {}],

    "picocolors": ["picocolors@1.1.1", "", {}, "sha512-xceH2snhtb5M9liqDsmEw56le376mTZkEX/jEb/RxNFyegNul7eNslCXP9FDj/Lcu0X8KEyMceP2ntpaHrDEVA=="],

    "picomatch": ["picomatch@https://registry.npmjs.org/picomatch/-/picomatch-4.0.3.tgz", {}],

    "postcss": ["postcss@8.5.6", "", { "dependencies": { "nanoid": "^3.3.11", "picocolors": "^1.1.1", "source-map-js": "^1.2.1" } }, "sha512-3Ybi1tAuwAP9s0r1UQ2J4n5Y0G05bJkpUIO0/bI9MhwmD70S5aTWbXGBwxHrelT+XM1k6dM0pk+SwNkpTRN7Pg=="],

    "prettier": ["prettier@https://registry.npmjs.org/prettier/-/prettier-3.5.1.tgz", {}],

    "randombytes": ["randombytes@https://registry.npmjs.org/randombytes/-/randombytes-2.1.0.tgz", { "dependencies": { "safe-buffer": "^5.1.0" } }],

    "require-directory": ["require-directory@https://registry.npmjs.org/require-directory/-/require-directory-2.1.1.tgz", {}],

    "resolve": ["resolve@https://registry.npmjs.org/resolve/-/resolve-1.22.10.tgz", { "dependencies": { "is-core-module": "^2.16.0", "path-parse": "^1.0.7", "supports-preserve-symlinks-flag": "^1.0.0" } }],

    "rollup": ["rollup@4.52.5", "", { "dependencies": { "@types/estree": "1.0.8" }, "optionalDependencies": { "@rollup/rollup-android-arm-eabi": "4.52.5", "@rollup/rollup-android-arm64": "4.52.5", "@rollup/rollup-darwin-arm64": "4.52.5", "@rollup/rollup-darwin-x64": "4.52.5", "@rollup/rollup-freebsd-arm64": "4.52.5", "@rollup/rollup-freebsd-x64": "4.52.5", "@rollup/rollup-linux-arm-gnueabihf": "4.52.5", "@rollup/rollup-linux-arm-musleabihf": "4.52.5", "@rollup/rollup-linux-arm64-gnu": "4.52.5", "@rollup/rollup-linux-arm64-musl": "4.52.5", "@rollup/rollup-linux-loong64-gnu": "4.52.5", "@rollup/rollup-linux-ppc64-gnu": "4.52.5", "@rollup/rollup-linux-riscv64-gnu": "4.52.5", "@rollup/rollup-linux-riscv64-musl": "4.52.5", "@rollup/rollup-linux-s390x-gnu": "4.52.5", "@rollup/rollup-linux-x64-gnu": "4.52.5", "@rollup/rollup-linux-x64-musl": "4.52.5", "@rollup/rollup-openharmony-arm64": "4.52.5", "@rollup/rollup-win32-arm64-msvc": "4.52.5", "@rollup/rollup-win32-ia32-msvc": "4.52.5", "@rollup/rollup-win32-x64-gnu": "4.52.5", "@rollup/rollup-win32-x64-msvc": "4.52.5", "fsevents": "~2.3.2" }, "bin": { "rollup": "dist/bin/rollup" } }, "sha512-3GuObel8h7Kqdjt0gxkEzaifHTqLVW56Y/bjN7PSQtkKr0w3V/QYSdt6QWYtd7A1xUtYQigtdUfgj1RvWVtorw=="],

    "rollup-plugin-typescript3": ["rollup-plugin-typescript3@https://registry.npmjs.org/rollup-plugin-typescript3/-/rollup-plugin-typescript3-3.0.5.tgz", { "dependencies": { "glob": "^10.4.2", "tslib": "^2.6.3" } }],

    "safe-buffer": ["safe-buffer@https://registry.npmjs.org/safe-buffer/-/safe-buffer-5.2.1.tgz", {}],

    "serialize-javascript": ["serialize-javascript@https://registry.npmjs.org/serialize-javascript/-/serialize-javascript-6.0.2.tgz", { "dependencies": { "randombytes": "^2.1.0" } }],

    "shebang-command": ["shebang-command@https://registry.npmjs.org/shebang-command/-/shebang-command-2.0.0.tgz", { "dependencies": { "shebang-regex": "^3.0.0" } }],

    "shebang-regex": ["shebang-regex@https://registry.npmjs.org/shebang-regex/-/shebang-regex-3.0.0.tgz", {}],

    "siginfo": ["siginfo@https://registry.npmjs.org/siginfo/-/siginfo-2.0.0.tgz", {}],

    "signal-exit": ["signal-exit@https://registry.npmjs.org/signal-exit/-/signal-exit-4.1.0.tgz", {}],

    "smob": ["smob@https://registry.npmjs.org/smob/-/smob-1.5.0.tgz", {}],

    "source-map": ["source-map@https://registry.npmjs.org/source-map/-/source-map-0.6.1.tgz", {}],

    "source-map-js": ["source-map-js@1.2.1", "", {}, "sha512-UXWMKhLOwVKb728IUtQPXxfYU+usdybtUrK/8uGE8CQMvrhOpwvzDBwj0QhSL7MQc7vIsISBG8VQ8+IDQxpfQA=="],

    "source-map-support": ["source-map-support@https://registry.npmjs.org/source-map-support/-/source-map-support-0.5.21.tgz", { "dependencies": { "buffer-from": "^1.0.0", "source-map": "^0.6.0" } }],

    "stackback": ["stackback@https://registry.npmjs.org/stackback/-/stackback-0.0.2.tgz", {}],

    "std-env": ["std-env@https://registry.npmjs.org/std-env/-/std-env-3.8.0.tgz", {}],

    "string-width": ["string-width@https://registry.npmjs.org/string-width/-/string-width-4.2.3.tgz", { "dependencies": { "emoji-regex": "^8.0.0", "is-fullwidth-code-point": "^3.0.0", "strip-ansi": "^6.0.1" } }],

    "string-width-cjs": ["string-width@https://registry.npmjs.org/string-width/-/string-width-4.2.3.tgz", { "dependencies": { "emoji-regex": "^8.0.0", "is-fullwidth-code-point": "^3.0.0", "strip-ansi": "^6.0.1" } }],

    "strip-ansi": ["strip-ansi@https://registry.npmjs.org/strip-ansi/-/strip-ansi-6.0.1.tgz", { "dependencies": { "ansi-regex": "^5.0.1" } }],

    "strip-ansi-cjs": ["strip-ansi@https://registry.npmjs.org/strip-ansi/-/strip-ansi-6.0.1.tgz", { "dependencies": { "ansi-regex": "^5.0.1" } }],

    "supports-preserve-symlinks-flag": ["supports-preserve-symlinks-flag@https://registry.npmjs.org/supports-preserve-symlinks-flag/-/supports-preserve-symlinks-flag-1.0.0.tgz", {}],

    "terser": ["terser@https://registry.npmjs.org/terser/-/terser-5.44.0.tgz", { "dependencies": { "@jridgewell/source-map": "^0.3.3", "acorn": "^8.15.0", "commander": "^2.20.0", "source-map-support": "~0.5.20" } }],

    "tinybench": ["tinybench@https://registry.npmjs.org/tinybench/-/tinybench-2.9.0.tgz", {}],

    "tinyexec": ["tinyexec@https://registry.npmjs.org/tinyexec/-/tinyexec-0.3.2.tgz", {}],

    "tinyglobby": ["tinyglobby@0.2.15", "", { "dependencies": { "fdir": "^6.5.0", "picomatch": "^4.0.3" } }, "sha512-j2Zq4NyQYG5XMST4cbs02Ak8iJUdxRM0XI5QyxXuZOzKOINmWurp3smXu3y5wDcJrptwpSjgXHzIQxR0omXljQ=="],

    "tinypool": ["tinypool@https://registry.npmjs.org/tinypool/-/tinypool-1.0.2.tgz", {}],

    "tinyrainbow": ["tinyrainbow@https://registry.npmjs.org/tinyrainbow/-/tinyrainbow-2.0.0.tgz", {}],

    "tinyspy": ["tinyspy@https://registry.npmjs.org/tinyspy/-/tinyspy-3.0.2.tgz", {}],

    "tslib": ["tslib@https://registry.npmjs.org/tslib/-/tslib-2.8.1.tgz", {}],

    "typescript": ["typescript@https://registry.npmjs.org/typescript/-/typescript-5.7.3.tgz", {}],

    "undici-types": ["undici-types@https://registry.npmjs.org/undici-types/-/undici-types-6.20.0.tgz", {}],

    "uuid": ["uuid@https://registry.npmjs.org/uuid/-/uuid-11.1.0.tgz", {}],

    "vite": ["vite@7.1.12", "", { "dependencies": { "esbuild": "^0.25.0", "fdir": "^6.5.0", "picomatch": "^4.0.3", "postcss": "^8.5.6", "rollup": "^4.43.0", "tinyglobby": "^0.2.15" }, "optionalDependencies": { "fsevents": "~2.3.3" }, "peerDependencies": { "@types/node": "^20.19.0 || >=22.12.0", "jiti": ">=1.21.0", "less": "^4.0.0", "lightningcss": "^1.21.0", "sass": "^1.70.0", "sass-embedded": "^1.70.0", "stylus": ">=0.54.8", "sugarss": "^5.0.0", "terser": "^5.16.0", "tsx": "^4.8.1", "yaml": "^2.4.2" }, "optionalPeers": ["@types/node", "jiti", "less", "lightningcss", "sass", "sass-embedded", "stylus", "sugarss", "terser", "tsx", "yaml"], "bin": { "vite": "bin/vite.js" } }, "sha512-ZWyE8YXEXqJrrSLvYgrRP7p62OziLW7xI5HYGWFzOvupfAlrLvURSzv/FyGyy0eidogEM3ujU+kUG1zuHgb6Ug=="],

    "vite-node": ["vite-node@https://registry.npmjs.org/vite-node/-/vite-node-3.0.6.tgz", { "dependencies": { "cac": "^6.7.14", "debug": "^4.4.0", "es-module-lexer": "^1.6.0", "pathe": "^2.0.3", "vite": "^5.0.0 || ^6.0.0" } }],

    "vite-raw-plugin": ["vite-raw-plugin@https://registry.npmjs.org/vite-raw-plugin/-/vite-raw-plugin-1.0.2.tgz", {}],

    "vitest": ["vitest@https://registry.npmjs.org/vitest/-/vitest-3.0.6.tgz", { "dependencies": { "@vitest/expect": "3.0.6", "@vitest/mocker": "3.0.6", "@vitest/pretty-format": "^3.0.6", "@vitest/runner": "3.0.6", "@vitest/snapshot": "3.0.6", "@vitest/spy": "3.0.6", "@vitest/utils": "3.0.6", "chai": "^5.2.0", "debug": "^4.4.0", "expect-type": "^1.1.0", "magic-string": "^0.30.17", "pathe": "^2.0.3", "std-env": "^3.8.0", "tinybench": "^2.9.0", "tinyexec": "^0.3.2", "tinypool": "^1.0.2", "tinyrainbow": "^2.0.0", "vite": "^5.0.0 || ^6.0.0", "vite-node": "3.0.6", "why-is-node-running": "^2.3.0" } }],

    "wgpu-matrix": ["wgpu-matrix@https://registry.npmjs.org/wgpu-matrix/-/wgpu-matrix-3.3.0.tgz", {}],

    "which": ["which@https://registry.npmjs.org/which/-/which-2.0.2.tgz", { "dependencies": { "isexe": "^2.0.0" } }],

    "why-is-node-running": ["why-is-node-running@https://registry.npmjs.org/why-is-node-running/-/why-is-node-running-2.3.0.tgz", { "dependencies": { "siginfo": "^2.0.0", "stackback": "0.0.2" } }],

    "wrap-ansi": ["wrap-ansi@https://registry.npmjs.org/wrap-ansi/-/wrap-ansi-7.0.0.tgz", { "dependencies": { "ansi-styles": "^4.0.0", "string-width": "^4.1.0", "strip-ansi": "^6.0.0" } }],

    "wrap-ansi-cjs": ["wrap-ansi@https://registry.npmjs.org/wrap-ansi/-/wrap-ansi-7.0.0.tgz", { "dependencies": { "ansi-styles": "^4.0.0", "string-width": "^4.1.0", "strip-ansi": "^6.0.0" } }],

    "y18n": ["y18n@https://registry.npmjs.org/y18n/-/y18n-5.0.8.tgz", {}],

    "yargs": ["yargs@https://registry.npmjs.org/yargs/-/yargs-17.7.2.tgz", { "dependencies": { "cliui": "^8.0.1", "escalade": "^3.1.1", "get-caller-file": "^2.0.5", "require-directory": "^2.1.1", "string-width": "^4.2.3", "y18n": "^5.0.5", "yargs-parser": "^21.1.1" } }],

    "yargs-parser": ["yargs-parser@https://registry.npmjs.org/yargs-parser/-/yargs-parser-21.1.1.tgz", {}],

    "@isaacs/cliui/string-width": ["string-width@https://registry.npmjs.org/string-width/-/string-width-5.1.2.tgz", { "dependencies": { "eastasianwidth": "^0.2.0", "emoji-regex": "^9.2.2", "strip-ansi": "^7.0.1" } }],

    "@isaacs/cliui/strip-ansi": ["strip-ansi@https://registry.npmjs.org/strip-ansi/-/strip-ansi-7.1.0.tgz", { "dependencies": { "ansi-regex": "^6.0.1" } }],

    "@isaacs/cliui/wrap-ansi": ["wrap-ansi@https://registry.npmjs.org/wrap-ansi/-/wrap-ansi-8.1.0.tgz", { "dependencies": { "ansi-styles": "^6.1.0", "string-width": "^5.0.1", "strip-ansi": "^7.0.1" } }],

    "@rollup/pluginutils/@types/estree": ["@types/estree@https://registry.npmjs.org/@types/estree/-/estree-1.0.8.tgz", {}],

    "@vitest/mocker/estree-walker": ["estree-walker@https://registry.npmjs.org/estree-walker/-/estree-walker-3.0.3.tgz", { "dependencies": { "@types/estree": "^1.0.0" } }],

    "is-reference/@types/estree": ["@types/estree@https://registry.npmjs.org/@types/estree/-/estree-1.0.8.tgz", {}],

    "tinyglobby/fdir": ["fdir@6.5.0", "", { "peerDependencies": { "picomatch": "^3 || ^4" }, "optionalPeers": ["picomatch"] }, "sha512-tIbYtZbucOs0BRGqPJkshJUYdL+SDH7dVM8gjy+ERp3WAUjLEFJE+02kanyHtwjWOnwrKYBiwAmM0p4kLJAnXg=="],

    "tinyglobby/picomatch": ["picomatch@4.0.3", "", {}, "sha512-5gTmgEY/sqK6gFXLIsQNH19lWb4ebPDLA4SdLP7dsWkIXHWlG66oPuVvXSGFPppYZz8ZDZq0dYYrbHfBCVUb1Q=="],

    "vite/fdir": ["fdir@6.5.0", "", { "peerDependencies": { "picomatch": "^3 || ^4" }, "optionalPeers": ["picomatch"] }, "sha512-tIbYtZbucOs0BRGqPJkshJUYdL+SDH7dVM8gjy+ERp3WAUjLEFJE+02kanyHtwjWOnwrKYBiwAmM0p4kLJAnXg=="],

    "vite/picomatch": ["picomatch@4.0.3", "", {}, "sha512-5gTmgEY/sqK6gFXLIsQNH19lWb4ebPDLA4SdLP7dsWkIXHWlG66oPuVvXSGFPppYZz8ZDZq0dYYrbHfBCVUb1Q=="],

    "vite-node/vite": ["vite@https://registry.npmjs.org/vite/-/vite-6.4.1.tgz", { "dependencies": { "esbuild": "^0.25.0", "fdir": "^6.4.4", "picomatch": "^4.0.2", "postcss": "^8.5.3", "rollup": "^4.34.9", "tinyglobby": "^0.2.13" }, "optionalDependencies": { "fsevents": "~2.3.3" } }],

    "vitest/vite": ["vite@https://registry.npmjs.org/vite/-/vite-6.4.1.tgz", { "dependencies": { "esbuild": "^0.25.0", "fdir": "^6.4.4", "picomatch": "^4.0.2", "postcss": "^8.5.3", "rollup": "^4.34.9", "tinyglobby": "^0.2.13" }, "optionalDependencies": { "fsevents": "~2.3.3" } }],

    "@isaacs/cliui/string-width/emoji-regex": ["emoji-regex@https://registry.npmjs.org/emoji-regex/-/emoji-regex-9.2.2.tgz", {}],

    "@isaacs/cliui/strip-ansi/ansi-regex": ["ansi-regex@https://registry.npmjs.org/ansi-regex/-/ansi-regex-6.1.0.tgz", {}],

    "@isaacs/cliui/wrap-ansi/ansi-styles": ["ansi-styles@https://registry.npmjs.org/ansi-styles/-/ansi-styles-6.2.1.tgz", {}],

    "@vitest/mocker/estree-walker/@types/estree": ["@types/estree@https://registry.npmjs.org/@types/estree/-/estree-1.0.8.tgz", {}],

    "vite-node/vite/esbuild": ["esbuild@https://registry.npmjs.org/esbuild/-/esbuild-0.25.11.tgz", { "optionalDependencies": { "@esbuild/aix-ppc64": "0.25.11", "@esbuild/android-arm": "0.25.11", "@esbuild/android-arm64": "0.25.11", "@esbuild/android-x64": "0.25.11", "@esbuild/darwin-arm64": "0.25.11", "@esbuild/darwin-x64": "0.25.11", "@esbuild/freebsd-arm64": "0.25.11", "@esbuild/freebsd-x64": "0.25.11", "@esbuild/linux-arm": "0.25.11", "@esbuild/linux-arm64": "0.25.11", "@esbuild/linux-ia32": "0.25.11", "@esbuild/linux-loong64": "0.25.11", "@esbuild/linux-mips64el": "0.25.11", "@esbuild/linux-ppc64": "0.25.11", "@esbuild/linux-riscv64": "0.25.11", "@esbuild/linux-s390x": "0.25.11", "@esbuild/linux-x64": "0.25.11", "@esbuild/netbsd-arm64": "0.25.11", "@esbuild/netbsd-x64": "0.25.11", "@esbuild/openbsd-arm64": "0.25.11", "@esbuild/openbsd-x64": "0.25.11", "@esbuild/openharmony-arm64": "0.25.11", "@esbuild/sunos-x64": "0.25.11", "@esbuild/win32-arm64": "0.25.11", "@esbuild/win32-ia32": "0.25.11", "@esbuild/win32-x64": "0.25.11" } }],

    "vite-node/vite/postcss": ["postcss@https://registry.npmjs.org/postcss/-/postcss-8.5.6.tgz", { "dependencies": { "nanoid": "^3.3.11", "picocolors": "^1.1.1", "source-map-js": "^1.2.1" } }],

    "vite-node/vite/rollup": ["rollup@https://registry.npmjs.org/rollup/-/rollup-4.52.5.tgz", { "dependencies": { "@types/estree": "1.0.8" }, "optionalDependencies": { "@rollup/rollup-android-arm-eabi": "4.52.5", "@rollup/rollup-android-arm64": "4.52.5", "@rollup/rollup-darwin-arm64": "4.52.5", "@rollup/rollup-darwin-x64": "4.52.5", "@rollup/rollup-freebsd-arm64": "4.52.5", "@rollup/rollup-freebsd-x64": "4.52.5", "@rollup/rollup-linux-arm-gnueabihf": "4.52.5", "@rollup/rollup-linux-arm-musleabihf": "4.52.5", "@rollup/rollup-linux-arm64-gnu": "4.52.5", "@rollup/rollup-linux-arm64-musl": "4.52.5", "@rollup/rollup-linux-loong64-gnu": "4.52.5", "@rollup/rollup-linux-ppc64-gnu": "4.52.5", "@rollup/rollup-linux-riscv64-gnu": "4.52.5", "@rollup/rollup-linux-riscv64-musl": "4.52.5", "@rollup/rollup-linux-s390x-gnu": "4.52.5", "@rollup/rollup-linux-x64-gnu": "4.52.5", "@rollup/rollup-linux-x64-musl": "4.52.5", "@rollup/rollup-openharmony-arm64": "4.52.5", "@rollup/rollup-win32-arm64-msvc": "4.52.5", "@rollup/rollup-win32-ia32-msvc": "4.52.5", "@rollup/rollup-win32-x64-gnu": "4.52.5", "@rollup/rollup-win32-x64-msvc": "4.52.5", "fsevents": "~2.3.2" } }],

    "vite-node/vite/tinyglobby": ["tinyglobby@https://registry.npmjs.org/tinyglobby/-/tinyglobby-0.2.15.tgz", { "dependencies": { "fdir": "^6.5.0", "picomatch": "^4.0.3" } }],

    "vitest/vite/esbuild": ["esbuild@https://registry.npmjs.org/esbuild/-/esbuild-0.25.11.tgz", { "optionalDependencies": { "@esbuild/aix-ppc64": "0.25.11", "@esbuild/android-arm": "0.25.11", "@esbuild/android-arm64": "0.25.11", "@esbuild/android-x64": "0.25.11", "@esbuild/darwin-arm64": "0.25.11", "@esbuild/darwin-x64": "0.25.11", "@esbuild/freebsd-arm64": "0.25.11", "@esbuild/freebsd-x64": "0.25.11", "@esbuild/linux-arm": "0.25.11", "@esbuild/linux-arm64": "0.25.11", "@esbuild/linux-ia32": "0.25.11", "@esbuild/linux-loong64": "0.25.11", "@esbuild/linux-mips64el": "0.25.11", "@esbuild/linux-ppc64": "0.25.11", "@esbuild/linux-riscv64": "0.25.11", "@esbuild/linux-s390x": "0.25.11", "@esbuild/linux-x64": "0.25.11", "@esbuild/netbsd-arm64": "0.25.11", "@esbuild/netbsd-x64": "0.25.11", "@esbuild/openbsd-arm64": "0.25.11", "@esbuild/openbsd-x64": "0.25.11", "@esbuild/openharmony-arm64": "0.25.11", "@esbuild/sunos-x64": "0.25.11", "@esbuild/win32-arm64": "0.25.11", "@esbuild/win32-ia32": "0.25.11", "@esbuild/win32-x64": "0.25.11" } }],

    "vitest/vite/postcss": ["postcss@https://registry.npmjs.org/postcss/-/postcss-8.5.6.tgz", { "dependencies": { "nanoid": "^3.3.11", "picocolors": "^1.1.1", "source-map-js": "^1.2.1" } }],

    "vitest/vite/rollup": ["rollup@https://registry.npmjs.org/rollup/-/rollup-4.52.5.tgz", { "dependencies": { "@types/estree": "1.0.8" }, "optionalDependencies": { "@rollup/rollup-android-arm-eabi": "4.52.5", "@rollup/rollup-android-arm64": "4.52.5", "@rollup/rollup-darwin-arm64": "4.52.5", "@rollup/rollup-darwin-x64": "4.52.5", "@rollup/rollup-freebsd-arm64": "4.52.5", "@rollup/rollup-freebsd-x64": "4.52.5", "@rollup/rollup-linux-arm-gnueabihf": "4.52.5", "@rollup/rollup-linux-arm-musleabihf": "4.52.5", "@rollup/rollup-linux-arm64-gnu": "4.52.5", "@rollup/rollup-linux-arm64-musl": "4.52.5", "@rollup/rollup-linux-loong64-gnu": "4.52.5", "@rollup/rollup-linux-ppc64-gnu": "4.52.5", "@rollup/rollup-linux-riscv64-gnu": "4.52.5", "@rollup/rollup-linux-riscv64-musl": "4.52.5", "@rollup/rollup-linux-s390x-gnu": "4.52.5", "@rollup/rollup-linux-x64-gnu": "4.52.5", "@rollup/rollup-linux-x64-musl": "4.52.5", "@rollup/rollup-openharmony-arm64": "4.52.5", "@rollup/rollup-win32-arm64-msvc": "4.52.5", "@rollup/rollup-win32-ia32-msvc": "4.52.5", "@rollup/rollup-win32-x64-gnu": "4.52.5", "@rollup/rollup-win32-x64-msvc": "4.52.5", "fsevents": "~2.3.2" } }],

    "vitest/vite/tinyglobby": ["tinyglobby@https://registry.npmjs.org/tinyglobby/-/tinyglobby-0.2.15.tgz", { "dependencies": { "fdir": "^6.5.0", "picomatch": "^4.0.3" } }],

    "vite-node/vite/esbuild/@esbuild/win32-x64": ["@esbuild/win32-x64@https://registry.npmjs.org/@esbuild/win32-x64/-/win32-x64-0.25.11.tgz", {}],

    "vite-node/vite/postcss/nanoid": ["nanoid@https://registry.npmjs.org/nanoid/-/nanoid-3.3.11.tgz", {}],

    "vite-node/vite/postcss/picocolors": ["picocolors@https://registry.npmjs.org/picocolors/-/picocolors-1.1.1.tgz", {}],

    "vite-node/vite/postcss/source-map-js": ["source-map-js@https://registry.npmjs.org/source-map-js/-/source-map-js-1.2.1.tgz", {}],

    "vite-node/vite/rollup/@rollup/rollup-win32-x64-gnu": ["@rollup/rollup-win32-x64-gnu@https://registry.npmjs.org/@rollup/rollup-win32-x64-gnu/-/rollup-win32-x64-gnu-4.52.5.tgz", {}],

    "vite-node/vite/rollup/@rollup/rollup-win32-x64-msvc": ["@rollup/rollup-win32-x64-msvc@https://registry.npmjs.org/@rollup/rollup-win32-x64-msvc/-/rollup-win32-x64-msvc-4.52.5.tgz", {}],

    "vite-node/vite/rollup/@types/estree": ["@types/estree@https://registry.npmjs.org/@types/estree/-/estree-1.0.8.tgz", {}],

    "vitest/vite/esbuild/@esbuild/win32-x64": ["@esbuild/win32-x64@https://registry.npmjs.org/@esbuild/win32-x64/-/win32-x64-0.25.11.tgz", {}],

    "vitest/vite/postcss/nanoid": ["nanoid@https://registry.npmjs.org/nanoid/-/nanoid-3.3.11.tgz", {}],

    "vitest/vite/postcss/picocolors": ["picocolors@https://registry.npmjs.org/picocolors/-/picocolors-1.1.1.tgz", {}],

    "vitest/vite/postcss/source-map-js": ["source-map-js@https://registry.npmjs.org/source-map-js/-/source-map-js-1.2.1.tgz", {}],

    "vitest/vite/rollup/@rollup/rollup-win32-x64-gnu": ["@rollup/rollup-win32-x64-gnu@https://registry.npmjs.org/@rollup/rollup-win32-x64-gnu/-/rollup-win32-x64-gnu-4.52.5.tgz", {}],

    "vitest/vite/rollup/@rollup/rollup-win32-x64-msvc": ["@rollup/rollup-win32-x64-msvc@https://registry.npmjs.org/@rollup/rollup-win32-x64-msvc/-/rollup-win32-x64-msvc-4.52.5.tgz", {}],

    "vitest/vite/rollup/@types/estree": ["@types/estree@https://registry.npmjs.org/@types/estree/-/estree-1.0.8.tgz", {}],
  }
}
